
Microsoft Visual Studio Solution File, Format Version 12.00
# Visual Studio Version 16
VisualStudioVersion = 16.0.30320.27
MinimumVisualStudioVersion = 10.0.40219.1
Project("{9A19103F-16F7-4668-BE54-9A1E7A4F7556}") = "S1_ConvertDataType", "ConvertDataType\S1_ConvertDataType.csproj", "{71140491-3CC3-4E01-830C-63047D3CEDBF}"
EndProject
Project("{9A19103F-16F7-4668-BE54-9A1E7A4F7556}") = "S2_IfStatement", "S2_IfStatement\S2_IfStatement.csproj", "{5D18CE09-0814-4B79-9F97-7CBE8735D900}"
EndProject
Project("{9A19103F-16F7-4668-BE54-9A1E7A4F7556}") = "S3_Looping", "Looping\S3_Looping.csproj", "{BCF48BCC-DA4C-470B-A3BE-DD57469B2182}"
EndProject
Project("{FAE04EC0-301F-11D3-BF4B-00C04F79EFBC}") = "S4_OOP_Encapsulation", "S4_OOP_Encapsulation\S4_OOP_Encapsulation.csproj", "{F10A2D67-B23F-4E67-8C4C-9D798D688A30}"
EndProject
Global
	GlobalSection(SolutionConfigurationPlatforms) = preSolution
		Debug|Any CPU = Debug|Any CPU
		Release|Any CPU = Release|Any CPU
	EndGlobalSection
	GlobalSection(ProjectConfigurationPlatforms) = postSolution
		{71140491-3CC3-4E01-830C-63047D3CEDBF}.Debug|Any CPU.ActiveCfg = Debug|Any CPU
		{71140491-3CC3-4E01-830C-63047D3CEDBF}.Debug|Any CPU.Build.0 = Debug|Any CPU
		{71140491-3CC3-4E01-830C-63047D3CEDBF}.Release|Any CPU.ActiveCfg = Release|Any CPU
		{71140491-3CC3-4E01-830C-63047D3CEDBF}.Release|Any CPU.Build.0 = Release|Any CPU
		{5D18CE09-0814-4B79-9F97-7CBE8735D900}.Debug|Any CPU.ActiveCfg = Debug|Any CPU
		{5D18CE09-0814-4B79-9F97-7CBE8735D900}.Debug|Any CPU.Build.0 = Debug|Any CPU
		{5D18CE09-0814-4B79-9F97-7CBE8735D900}.Release|Any CPU.ActiveCfg = Release|Any CPU
		{5D18CE09-0814-4B79-9F97-7CBE8735D900}.Release|Any CPU.Build.0 = Release|Any CPU
		{BCF48BCC-DA4C-470B-A3BE-DD57469B2182}.Debug|Any CPU.ActiveCfg = Debug|Any CPU
		{BCF48BCC-DA4C-470B-A3BE-DD57469B2182}.Debug|Any CPU.Build.0 = Debug|Any CPU
		{BCF48BCC-DA4C-470B-A3BE-DD57469B2182}.Release|Any CPU.ActiveCfg = Release|Any CPU
		{BCF48BCC-DA4C-470B-A3BE-DD57469B2182}.Release|Any CPU.Build.0 = Release|Any CPU
		{F10A2D67-B23F-4E67-8C4C-9D798D688A30}.Debug|Any CPU.ActiveCfg = Debug|Any CPU
		{F10A2D67-B23F-4E67-8C4C-9D798D688A30}.Debug|Any CPU.Build.0 = Debug|Any CPU
		{F10A2D67-B23F-4E67-8C4C-9D798D688A30}.Release|Any CPU.ActiveCfg = Release|Any CPU
		{F10A2D67-B23F-4E67-8C4C-9D798D688A30}.Release|Any CPU.Build.0 = Release|Any CPU
	EndGlobalSection
	GlobalSection(SolutionProperties) = preSolution
		HideSolutionNode = FALSE
	EndGlobalSection
	GlobalSection(ExtensibilityGlobals) = postSolution
		SolutionGuid = {8AE2E7B8-894B-4C89-9DD2-6E026D768052}
	EndGlobalSection
EndGlobal
