
Microsoft Visual Studio Solution File, Format Version 12.00
# Visual Studio Version 16
VisualStudioVersion = 16.0.30320.27
MinimumVisualStudioVersion = 10.0.40219.1
Project("{FAE04EC0-301F-11D3-BF4B-00C04F79EFBC}") = "S1_ConvertDataType", "ConvertDataType\S1_ConvertDataType.csproj", "{71140491-3CC3-4E01-830C-63047D3CEDBF}"
EndProject
Global
	GlobalSection(SolutionConfigurationPlatforms) = preSolution
		Debug|Any CPU = Debug|Any CPU
		Release|Any CPU = Release|Any CPU
	EndGlobalSection
	GlobalSection(ProjectConfigurationPlatforms) = postSolution
		{71140491-3CC3-4E01-830C-63047D3CEDBF}.Debug|Any CPU.ActiveCfg = Debug|Any CPU
		{71140491-3CC3-4E01-830C-63047D3CEDBF}.Debug|Any CPU.Build.0 = Debug|Any CPU
		{71140491-3CC3-4E01-830C-63047D3CEDBF}.Release|Any CPU.ActiveCfg = Release|Any CPU
		{71140491-3CC3-4E01-830C-63047D3CEDBF}.Release|Any CPU.Build.0 = Release|Any CPU
	EndGlobalSection
	GlobalSection(SolutionProperties) = preSolution
		HideSolutionNode = FALSE
	EndGlobalSection
	GlobalSection(ExtensibilityGlobals) = postSolution
		SolutionGuid = {8AE2E7B8-894B-4C89-9DD2-6E026D768052}
	EndGlobalSection
EndGlobal
