
Microsoft Visual Studio Solution File, Format Version 12.00
# Visual Studio Version 16
VisualStudioVersion = 16.0.30320.27
MinimumVisualStudioVersion = 10.0.40219.1
Project("{9A19103F-16F7-4668-BE54-9A1E7A4F7556}") = "S1_ConvertDataType", "ConvertDataType\S1_ConvertDataType.csproj", "{71140491-3CC3-4E01-830C-63047D3CEDBF}"
EndProject
Project("{9A19103F-16F7-4668-BE54-9A1E7A4F7556}") = "S2_IfStatement", "S2_IfStatement\S2_IfStatement.csproj", "{5D18CE09-0814-4B79-9F97-7CBE8735D900}"
EndProject
Project("{9A19103F-16F7-4668-BE54-9A1E7A4F7556}") = "S3_Looping", "Looping\S3_Looping.csproj", "{BCF48BCC-DA4C-470B-A3BE-DD57469B2182}"
EndProject
Project("{9A19103F-16F7-4668-BE54-9A1E7A4F7556}") = "S4_OOP_Encapsulation", "S4_OOP_Encapsulation\S4_OOP_Encapsulation.csproj", "{F10A2D67-B23F-4E67-8C4C-9D798D688A30}"
EndProject
Project("{9A19103F-16F7-4668-BE54-9A1E7A4F7556}") = "S5_Enum", "S5_Enum\S5_Enum.csproj", "{2FBE675B-5344-4A0B-88F6-4261C4FBD2E9}"
EndProject
Project("{9A19103F-16F7-4668-BE54-9A1E7A4F7556}") = "S6_OOP_Inheritance", "S6_OOP_Inheritance\S6_OOP_Inheritance.csproj", "{6869742A-35F1-428A-AD14-D2ACAA373A43}"
EndProject
Project("{9A19103F-16F7-4668-BE54-9A1E7A4F7556}") = "S7_OOP_Polymorphism", "S7_OOP_Polymorphism\S7_OOP_Polymorphism.csproj", "{5797F426-D972-4B98-ACCC-78050C864F4B}"
EndProject
Project("{FAE04EC0-301F-11D3-BF4B-00C04F79EFBC}") = "FileStreamEx", "FileStreamEx\FileStreamEx.csproj", "{4D3CEBC4-1234-4D63-853F-96732C77F816}"
EndProject
Project("{FAE04EC0-301F-11D3-BF4B-00C04F79EFBC}") = "Delegate", "Delegate\Delegate.csproj", "{4DCDE190-E6EB-4CBF-887D-2B80698AED05}"
EndProject
Global
	GlobalSection(SolutionConfigurationPlatforms) = preSolution
		Debug|Any CPU = Debug|Any CPU
		Release|Any CPU = Release|Any CPU
	EndGlobalSection
	GlobalSection(ProjectConfigurationPlatforms) = postSolution
		{71140491-3CC3-4E01-830C-63047D3CEDBF}.Debug|Any CPU.ActiveCfg = Debug|Any CPU
		{71140491-3CC3-4E01-830C-63047D3CEDBF}.Debug|Any CPU.Build.0 = Debug|Any CPU
		{71140491-3CC3-4E01-830C-63047D3CEDBF}.Release|Any CPU.ActiveCfg = Release|Any CPU
		{71140491-3CC3-4E01-830C-63047D3CEDBF}.Release|Any CPU.Build.0 = Release|Any CPU
		{5D18CE09-0814-4B79-9F97-7CBE8735D900}.Debug|Any CPU.ActiveCfg = Debug|Any CPU
		{5D18CE09-0814-4B79-9F97-7CBE8735D900}.Debug|Any CPU.Build.0 = Debug|Any CPU
		{5D18CE09-0814-4B79-9F97-7CBE8735D900}.Release|Any CPU.ActiveCfg = Release|Any CPU
		{5D18CE09-0814-4B79-9F97-7CBE8735D900}.Release|Any CPU.Build.0 = Release|Any CPU
		{BCF48BCC-DA4C-470B-A3BE-DD57469B2182}.Debug|Any CPU.ActiveCfg = Debug|Any CPU
		{BCF48BCC-DA4C-470B-A3BE-DD57469B2182}.Debug|Any CPU.Build.0 = Debug|Any CPU
		{BCF48BCC-DA4C-470B-A3BE-DD57469B2182}.Release|Any CPU.ActiveCfg = Release|Any CPU
		{BCF48BCC-DA4C-470B-A3BE-DD57469B2182}.Release|Any CPU.Build.0 = Release|Any CPU
		{F10A2D67-B23F-4E67-8C4C-9D798D688A30}.Debug|Any CPU.ActiveCfg = Debug|Any CPU
		{F10A2D67-B23F-4E67-8C4C-9D798D688A30}.Debug|Any CPU.Build.0 = Debug|Any CPU
		{F10A2D67-B23F-4E67-8C4C-9D798D688A30}.Release|Any CPU.ActiveCfg = Release|Any CPU
		{F10A2D67-B23F-4E67-8C4C-9D798D688A30}.Release|Any CPU.Build.0 = Release|Any CPU
		{2FBE675B-5344-4A0B-88F6-4261C4FBD2E9}.Debug|Any CPU.ActiveCfg = Debug|Any CPU
		{2FBE675B-5344-4A0B-88F6-4261C4FBD2E9}.Debug|Any CPU.Build.0 = Debug|Any CPU
		{2FBE675B-5344-4A0B-88F6-4261C4FBD2E9}.Release|Any CPU.ActiveCfg = Release|Any CPU
		{2FBE675B-5344-4A0B-88F6-4261C4FBD2E9}.Release|Any CPU.Build.0 = Release|Any CPU
		{6869742A-35F1-428A-AD14-D2ACAA373A43}.Debug|Any CPU.ActiveCfg = Debug|Any CPU
		{6869742A-35F1-428A-AD14-D2ACAA373A43}.Debug|Any CPU.Build.0 = Debug|Any CPU
		{6869742A-35F1-428A-AD14-D2ACAA373A43}.Release|Any CPU.ActiveCfg = Release|Any CPU
		{6869742A-35F1-428A-AD14-D2ACAA373A43}.Release|Any CPU.Build.0 = Release|Any CPU
		{5797F426-D972-4B98-ACCC-78050C864F4B}.Debug|Any CPU.ActiveCfg = Debug|Any CPU
		{5797F426-D972-4B98-ACCC-78050C864F4B}.Debug|Any CPU.Build.0 = Debug|Any CPU
		{5797F426-D972-4B98-ACCC-78050C864F4B}.Release|Any CPU.ActiveCfg = Release|Any CPU
		{5797F426-D972-4B98-ACCC-78050C864F4B}.Release|Any CPU.Build.0 = Release|Any CPU
		{4D3CEBC4-1234-4D63-853F-96732C77F816}.Debug|Any CPU.ActiveCfg = Debug|Any CPU
		{4D3CEBC4-1234-4D63-853F-96732C77F816}.Debug|Any CPU.Build.0 = Debug|Any CPU
		{4D3CEBC4-1234-4D63-853F-96732C77F816}.Release|Any CPU.ActiveCfg = Release|Any CPU
		{4D3CEBC4-1234-4D63-853F-96732C77F816}.Release|Any CPU.Build.0 = Release|Any CPU
		{4DCDE190-E6EB-4CBF-887D-2B80698AED05}.Debug|Any CPU.ActiveCfg = Debug|Any CPU
		{4DCDE190-E6EB-4CBF-887D-2B80698AED05}.Debug|Any CPU.Build.0 = Debug|Any CPU
		{4DCDE190-E6EB-4CBF-887D-2B80698AED05}.Release|Any CPU.ActiveCfg = Release|Any CPU
		{4DCDE190-E6EB-4CBF-887D-2B80698AED05}.Release|Any CPU.Build.0 = Release|Any CPU
	EndGlobalSection
	GlobalSection(SolutionProperties) = preSolution
		HideSolutionNode = FALSE
	EndGlobalSection
	GlobalSection(ExtensibilityGlobals) = postSolution
		SolutionGuid = {8AE2E7B8-894B-4C89-9DD2-6E026D768052}
	EndGlobalSection
EndGlobal
